
Microsoft Visual Studio Solution File, Format Version 12.00
# Visual Studio Version 17
VisualStudioVersion = 17.4.33205.214
MinimumVisualStudioVersion = 10.0.40219.1
Project("{FAE04EC0-301F-11D3-BF4B-00C04F79EFBC}") = "SystemNodeHelper", "SystemNodeHelper\SystemNodeHelper.csproj", "{3D8F5533-F006-4CCF-9583-F7FDC461F4AA}"
EndProject
Project("{FAE04EC0-301F-11D3-BF4B-00C04F79EFBC}") = "TestUI", "TestUI\TestUI.csproj", "{8482823F-38CC-4CB1-935B-D3CB748C9B50}"
EndProject
Project("{9A19103F-16F7-4668-BE54-9A1E7A4F7556}") = "NodeNetwork", "NodeNetwork\NodeNetwork.csproj", "{98BA4820-6ED3-46A5-B7F7-DF2B384AA377}"
EndProject
Project("{9A19103F-16F7-4668-BE54-9A1E7A4F7556}") = "NodeNetworkToolkit", "NodeNetworkToolkit\NodeNetworkToolkit.csproj", "{495B1A77-1671-4D7C-8585-3F68FA25E5CC}"
EndProject
Global
	GlobalSection(SolutionConfigurationPlatforms) = preSolution
		Debug|Any CPU = Debug|Any CPU
		Release|Any CPU = Release|Any CPU
	EndGlobalSection
	GlobalSection(ProjectConfigurationPlatforms) = postSolution
		{3D8F5533-F006-4CCF-9583-F7FDC461F4AA}.Debug|Any CPU.ActiveCfg = Debug|Any CPU
		{3D8F5533-F006-4CCF-9583-F7FDC461F4AA}.Debug|Any CPU.Build.0 = Debug|Any CPU
		{3D8F5533-F006-4CCF-9583-F7FDC461F4AA}.Release|Any CPU.ActiveCfg = Release|Any CPU
		{3D8F5533-F006-4CCF-9583-F7FDC461F4AA}.Release|Any CPU.Build.0 = Release|Any CPU
		{8482823F-38CC-4CB1-935B-D3CB748C9B50}.Debug|Any CPU.ActiveCfg = Debug|Any CPU
		{8482823F-38CC-4CB1-935B-D3CB748C9B50}.Debug|Any CPU.Build.0 = Debug|Any CPU
		{8482823F-38CC-4CB1-935B-D3CB748C9B50}.Release|Any CPU.ActiveCfg = Release|Any CPU
		{8482823F-38CC-4CB1-935B-D3CB748C9B50}.Release|Any CPU.Build.0 = Release|Any CPU
		{98BA4820-6ED3-46A5-B7F7-DF2B384AA377}.Debug|Any CPU.ActiveCfg = Debug|Any CPU
		{98BA4820-6ED3-46A5-B7F7-DF2B384AA377}.Debug|Any CPU.Build.0 = Debug|Any CPU
		{98BA4820-6ED3-46A5-B7F7-DF2B384AA377}.Release|Any CPU.ActiveCfg = Release|Any CPU
		{98BA4820-6ED3-46A5-B7F7-DF2B384AA377}.Release|Any CPU.Build.0 = Release|Any CPU
		{495B1A77-1671-4D7C-8585-3F68FA25E5CC}.Debug|Any CPU.ActiveCfg = Debug|Any CPU
		{495B1A77-1671-4D7C-8585-3F68FA25E5CC}.Debug|Any CPU.Build.0 = Debug|Any CPU
		{495B1A77-1671-4D7C-8585-3F68FA25E5CC}.Release|Any CPU.ActiveCfg = Release|Any CPU
		{495B1A77-1671-4D7C-8585-3F68FA25E5CC}.Release|Any CPU.Build.0 = Release|Any CPU
	EndGlobalSection
	GlobalSection(SolutionProperties) = preSolution
		HideSolutionNode = FALSE
	EndGlobalSection
	GlobalSection(ExtensibilityGlobals) = postSolution
		SolutionGuid = {66A74527-A8A5-4963-8A7B-F3A8848507C5}
	EndGlobalSection
EndGlobal
